<?xml version="1.0" encoding="utf-8"?>
<Project ToolsVersion="4.0" xmlns="http://schemas.microsoft.com/developer/msbuild/2003">
  <ItemGroup>
    <Filter Include="Source Files">
      <UniqueIdentifier>{4FC737F1-C7A5-4376-A066-2A32D752A2FF}</UniqueIdentifier>
      <Extensions>cpp;c;cc;cxx;c++;cppm;ixx;def;odl;idl;hpj;bat;asm;asmx</Extensions>
    </Filter>
    <Filter Include="Core">
      <UniqueIdentifier>{bdd00441-650f-47c8-bded-20906e33cebe}</UniqueIdentifier>
    </Filter>
    <Filter Include="Core\Entities">
      <UniqueIdentifier>{8a28cf27-8b85-4c4f-ae00-b59141c0007a}</UniqueIdentifier>
    </Filter>
    <Filter Include="Core\Math">
      <UniqueIdentifier>{d82ef9ac-6c13-4a76-a8e2-b6aba57077a5}</UniqueIdentifier>
    </Filter>
    <Filter Include="Game">
      <UniqueIdentifier>{04018c3a-b863-4e47-ad23-7cb3458c6436}</UniqueIdentifier>
    </Filter>
    <Filter Include="Core\State">
      <UniqueIdentifier>{9ae1bb2b-1d0b-456e-8d23-91f95a082e6e}</UniqueIdentifier>
    </Filter>
    <Filter Include="Game\States">
      <UniqueIdentifier>{1a60c4a1-60bb-4f23-bca3-05a86cf995e0}</UniqueIdentifier>
    </Filter>
    <Filter Include="Game\States\Player">
      <UniqueIdentifier>{48a73a7d-a428-435a-be5c-3f4020cfda5e}</UniqueIdentifier>
    </Filter>
    <Filter Include="Core\Input">
      <UniqueIdentifier>{612cf3f0-f193-42d4-bc7b-ce736f426730}</UniqueIdentifier>
    </Filter>
    <Filter Include="Core\Input\Commands">
      <UniqueIdentifier>{5228eed8-c6b1-4dc7-ba90-e21c1ecd1352}</UniqueIdentifier>
    </Filter>
    <Filter Include="Core\Systems">
      <UniqueIdentifier>{701dc5d5-8760-41be-a219-5b112b069153}</UniqueIdentifier>
    </Filter>
    <Filter Include="Game\Systems">
      <UniqueIdentifier>{5e1809cf-1982-4313-8bb1-7e3d8efa9948}</UniqueIdentifier>
    </Filter>
    <Filter Include="Core\Components">
      <UniqueIdentifier>{f299c1e4-2a8a-44fe-a7fb-094816b1920b}</UniqueIdentifier>
    </Filter>
  </ItemGroup>
  <ItemGroup>
    <ClCompile Include="main.cpp">
      <Filter>Source Files</Filter>
    </ClCompile>
    <ClCompile Include="Entity.cpp">
      <Filter>Core\Entities</Filter>
    </ClCompile>
    <ClCompile Include="EntityManager.cpp">
      <Filter>Core\Entities</Filter>
    </ClCompile>
    <ClCompile Include="Vec2.cpp">
      <Filter>Core\Math</Filter>
    </ClCompile>
    <ClCompile Include="Game.cpp">
      <Filter>Game</Filter>
    </ClCompile>
    <ClCompile Include="Command.cpp">
      <Filter>Core\Input\Commands</Filter>
    </ClCompile>
    <ClCompile Include="IdleState.cpp">
      <Filter>Game\States\Player</Filter>
    </ClCompile>
    <ClCompile Include="MovingState.cpp">
      <Filter>Game\States\Player</Filter>
    </ClCompile>
    <ClCompile Include="JumpingState.cpp">
      <Filter>Game\States\Player</Filter>
    </ClCompile>
    <ClCompile Include="FallingState.cpp">
      <Filter>Game\States\Player</Filter>
    </ClCompile>
    <ClCompile Include="InputState.h">
      <Filter>Core\Input</Filter>
    </ClCompile>
    <ClCompile Include="InputManager.cpp">
      <Filter>Core\Input</Filter>
    </ClCompile>
    <ClCompile Include="CollisionSystem.cpp">
      <Filter>Core\Systems</Filter>
    </ClCompile>
    <ClCompile Include="NumberGeneratorSystem.cpp">
      <Filter>Core\Systems</Filter>
    </ClCompile>
    <ClCompile Include="GameplayCollisionSystem.cpp">
      <Filter>Game\Systems</Filter>
    </ClCompile>
    <ClCompile Include="World.cpp">
      <Filter>Core</Filter>
    </ClCompile>
    <ClCompile Include="MovementSystem.cpp">
      <Filter>Source Files</Filter>
    </ClCompile>
    <ClCompile Include="JumpSystem.cpp">
      <Filter>Game\Systems</Filter>
    </ClCompile>
    <ClCompile Include="ComponentStorage.cpp">
      <Filter>Core\Components</Filter>
    </ClCompile>
  </ItemGroup>
  <ItemGroup>
    <ClInclude Include="Entity.h">
      <Filter>Core\Entities</Filter>
    </ClInclude>
    <ClInclude Include="EntityManager.h">
      <Filter>Core\Entities</Filter>
    </ClInclude>
    <ClInclude Include="Vec2.h">
      <Filter>Core\Math</Filter>
    </ClInclude>
    <ClInclude Include="Game.h">
      <Filter>Game</Filter>
    </ClInclude>
    <ClInclude Include="Components.h">
      <Filter>Core\Components</Filter>
    </ClInclude>
    <ClInclude Include="Command.h">
      <Filter>Core\Input\Commands</Filter>
    </ClInclude>
    <ClInclude Include="State.h">
      <Filter>Core\State</Filter>
    </ClInclude>
    <ClInclude Include="IdleState.h">
      <Filter>Game\States\Player</Filter>
    </ClInclude>
    <ClInclude Include="MovingState.h">
      <Filter>Game\States\Player</Filter>
    </ClInclude>
    <ClInclude Include="JumpingState.h">
      <Filter>Game\States\Player</Filter>
    </ClInclude>
    <ClInclude Include="FallingState.h">
      <Filter>Game\States\Player</Filter>
    </ClInclude>
    <ClInclude Include="InputManager.h">
      <Filter>Core\Input</Filter>
    </ClInclude>
    <ClInclude Include="System.h">
      <Filter>Core\Systems</Filter>
    </ClInclude>
    <ClInclude Include="World.h">
      <Filter>Core</Filter>
    </ClInclude>
    <ClInclude Include="CollisionSystem.h">
      <Filter>Core\Systems</Filter>
    </ClInclude>
    <ClInclude Include="NumberGeneratorSystem.h">
      <Filter>Core\Systems</Filter>
    </ClInclude>
    <ClInclude Include="GameplayCollisionSystem.h">
      <Filter>Game\Systems</Filter>
    </ClInclude>
    <ClInclude Include="MovementSystem.h" />
    <ClInclude Include="ComponentStorage.h">
      <Filter>Core\Components</Filter>
    </ClInclude>
    <ClInclude Include="JumpSystem.h">
      <Filter>Game\Systems</Filter>
    </ClInclude>
  </ItemGroup>
</Project>